
Microsoft Visual Studio Solution File, Format Version 12.00
# Visual Studio Version 16
VisualStudioVersion = 16.0.29806.167
MinimumVisualStudioVersion = 10.0.40219.1
Project("{FAE04EC0-301F-11D3-BF4B-00C04F79EFBC}") = "FakeObfuscationAttributes", "FakeObfuscationAttributes.csproj", "{95ACDA2B-45B1-4F6B-B530-03C0E1E3AFDB}"
EndProject
Project("{FAE04EC0-301F-11D3-BF4B-00C04F79EFBC}") = "Fake", "..\Fake\Fake.csproj", "{8DCCE890-DE73-4005-AC5C-D7F23DDF8532}"
EndProject
Global
	GlobalSection(SolutionConfigurationPlatforms) = preSolution
		Debug|Any CPU = Debug|Any CPU
		Release|Any CPU = Release|Any CPU
	EndGlobalSection
	GlobalSection(ProjectConfigurationPlatforms) = postSolution
		{95ACDA2B-45B1-4F6B-B530-03C0E1E3AFDB}.Debug|Any CPU.ActiveCfg = Debug|Any CPU
		{95ACDA2B-45B1-4F6B-B530-03C0E1E3AFDB}.Debug|Any CPU.Build.0 = Debug|Any CPU
		{95ACDA2B-45B1-4F6B-B530-03C0E1E3AFDB}.Release|Any CPU.ActiveCfg = Release|Any CPU
		{95ACDA2B-45B1-4F6B-B530-03C0E1E3AFDB}.Release|Any CPU.Build.0 = Release|Any CPU
		{8DCCE890-DE73-4005-AC5C-D7F23DDF8532}.Debug|Any CPU.ActiveCfg = Debug|Any CPU
		{8DCCE890-DE73-4005-AC5C-D7F23DDF8532}.Debug|Any CPU.Build.0 = Debug|Any CPU
		{8DCCE890-DE73-4005-AC5C-D7F23DDF8532}.Release|Any CPU.ActiveCfg = Release|Any CPU
		{8DCCE890-DE73-4005-AC5C-D7F23DDF8532}.Release|Any CPU.Build.0 = Release|Any CPU
	EndGlobalSection
	GlobalSection(SolutionProperties) = preSolution
		HideSolutionNode = FALSE
	EndGlobalSection
	GlobalSection(ExtensibilityGlobals) = postSolution
		SolutionGuid = {0BF1434D-9CC1-4BC5-ADF7-3DBFA00B4298}
	EndGlobalSection
EndGlobal
